
Microsoft Visual Studio Solution File, Format Version 12.00
# Visual Studio Version 17
VisualStudioVersion = 17.9.34728.123
MinimumVisualStudioVersion = 10.0.40219.1
Project("{FAE04EC0-301F-11D3-BF4B-00C04F79EFBC}") = "WinFormsApp2", "WinFormsApp2\WinFormsApp2.csproj", "{AA68DCAA-C480-4E96-95CF-90B2C63F0625}"
EndProject
Global
	GlobalSection(SolutionConfigurationPlatforms) = preSolution
		Debug|Any CPU = Debug|Any CPU
		Release|Any CPU = Release|Any CPU
	EndGlobalSection
	GlobalSection(ProjectConfigurationPlatforms) = postSolution
		{AA68DCAA-C480-4E96-95CF-90B2C63F0625}.Debug|Any CPU.ActiveCfg = Debug|Any CPU
		{AA68DCAA-C480-4E96-95CF-90B2C63F0625}.Debug|Any CPU.Build.0 = Debug|Any CPU
		{AA68DCAA-C480-4E96-95CF-90B2C63F0625}.Release|Any CPU.ActiveCfg = Release|Any CPU
		{AA68DCAA-C480-4E96-95CF-90B2C63F0625}.Release|Any CPU.Build.0 = Release|Any CPU
	EndGlobalSection
	GlobalSection(SolutionProperties) = preSolution
		HideSolutionNode = FALSE
	EndGlobalSection
	GlobalSection(ExtensibilityGlobals) = postSolution
		SolutionGuid = {CA45DD63-C012-4491-97AC-8327320A66A6}
	EndGlobalSection
EndGlobal
